// !$*UTF8*$!
{
	archiveVersion = 1;
	classes = {
	};
	objectVersion = 46;
	objects = {

/* Begin PBXBuildFile section */
		ACF4D4B21B5D7E1200FE7236 /* AppDelegate.swift in Sources */ = {isa = PBXBuildFile; fileRef = ACF4D4B11B5D7E1200FE7236 /* AppDelegate.swift */; };
		ACF4D4B41B5D7E1200FE7236 /* GameScene.sks in Resources */ = {isa = PBXBuildFile; fileRef = ACF4D4B31B5D7E1200FE7236 /* GameScene.sks */; };
		ACF4D4B61B5D7E1200FE7236 /* GameScene.swift in Sources */ = {isa = PBXBuildFile; fileRef = ACF4D4B51B5D7E1200FE7236 /* GameScene.swift */; };
		ACF4D4B81B5D7E1200FE7236 /* GameViewController.swift in Sources */ = {isa = PBXBuildFile; fileRef = ACF4D4B71B5D7E1200FE7236 /* GameViewController.swift */; };
		ACF4D4BB1B5D7E1200FE7236 /* Main.storyboard in Resources */ = {isa = PBXBuildFile; fileRef = ACF4D4B91B5D7E1200FE7236 /* Main.storyboard */; };
		ACF4D4BD1B5D7E1300FE7236 /* Images.xcassets in Resources */ = {isa = PBXBuildFile; fileRef = ACF4D4BC1B5D7E1300FE7236 /* Images.xcassets */; };
		ACF4D4C01B5D7E1300FE7236 /* LaunchScreen.xib in Resources */ = {isa = PBXBuildFile; fileRef = ACF4D4BE1B5D7E1300FE7236 /* LaunchScreen.xib */; };
		ACF4D4CC1B5D7E1300FE7236 /* ShooterTests.swift in Sources */ = {isa = PBXBuildFile; fileRef = ACF4D4CB1B5D7E1300FE7236 /* ShooterTests.swift */; };
/* End PBXBuildFile section */

/* Begin PBXContainerItemProxy section */
		ACF4D4C61B5D7E1300FE7236 /* PBXContainerItemProxy */ = {
			isa = PBXContainerItemProxy;
			containerPortal = ACF4D4A41B5D7E1200FE7236 /* Project object */;
			proxyType = 1;
			remoteGlobalIDString = ACF4D4AB1B5D7E1200FE7236;
			remoteInfo = Shooter;
		};
/* End PBXContainerItemProxy section */

/* Begin PBXFileReference section */
		ACF4D4AC1B5D7E1200FE7236 /* Shooter.app */ = {isa = PBXFileReference; explicitFileType = wrapper.application; includeInIndex = 0; path = Shooter.app; sourceTree = BUILT_PRODUCTS_DIR; };
		ACF4D4B01B5D7E1200FE7236 /* Info.plist */ = {isa = PBXFileReference; lastKnownFileType = text.plist.xml; path = Info.plist; sourceTree = "<group>"; };
		ACF4D4B11B5D7E1200FE7236 /* AppDelegate.swift */ = {isa = PBXFileReference; lastKnownFileType = sourcecode.swift; path = AppDelegate.swift; sourceTree = "<group>"; };
		ACF4D4B31B5D7E1200FE7236 /* GameScene.sks */ = {isa = PBXFileReference; lastKnownFileType = file.sks; path = GameScene.sks; sourceTree = "<group>"; };
		ACF4D4B51B5D7E1200FE7236 /* GameScene.swift */ = {isa = PBXFileReference; lastKnownFileType = sourcecode.swift; path = GameScene.swift; sourceTree = "<group>"; };
		ACF4D4B71B5D7E1200FE7236 /* GameViewController.swift */ = {isa = PBXFileReference; lastKnownFileType = sourcecode.swift; path = GameViewController.swift; sourceTree = "<group>"; };
		ACF4D4BA1B5D7E1200FE7236 /* Base */ = {isa = PBXFileReference; lastKnownFileType = file.storyboard; name = Base; path = Base.lproj/Main.storyboard; sourceTree = "<group>"; };
		ACF4D4BC1B5D7E1300FE7236 /* Images.xcassets */ = {isa = PBXFileReference; lastKnownFileType = folder.assetcatalog; path = Images.xcassets; sourceTree = "<group>"; };
		ACF4D4BF1B5D7E1300FE7236 /* Base */ = {isa = PBXFileReference; lastKnownFileType = file.xib; name = Base; path = Base.lproj/LaunchScreen.xib; sourceTree = "<group>"; };
		ACF4D4C51B5D7E1300FE7236 /* ShooterTests.xctest */ = {isa = PBXFileReference; explicitFileType = wrapper.cfbundle; includeInIndex = 0; path = ShooterTests.xctest; sourceTree = BUILT_PRODUCTS_DIR; };
		ACF4D4CA1B5D7E1300FE7236 /* Info.plist */ = {isa = PBXFileReference; lastKnownFileType = text.plist.xml; path = Info.plist; sourceTree = "<group>"; };
		ACF4D4CB1B5D7E1300FE7236 /* ShooterTests.swift */ = {isa = PBXFileReference; lastKnownFileType = sourcecode.swift; path = ShooterTests.swift; sourceTree = "<group>"; };
/* End PBXFileReference section */

/* Begin PBXFrameworksBuildPhase section */
		ACF4D4A91B5D7E1200FE7236 /* Frameworks */ = {
			isa = PBXFrameworksBuildPhase;
			buildActionMask = 2147483647;
			files = (
			);
			runOnlyForDeploymentPostprocessing = 0;
		};
		ACF4D4C21B5D7E1300FE7236 /* Frameworks */ = {
			isa = PBXFrameworksBuildPhase;
			buildActionMask = 2147483647;
			files = (
			);
			runOnlyForDeploymentPostprocessing = 0;
		};
/* End PBXFrameworksBuildPhase section */

/* Begin PBXGroup section */
		ACF4D4A31B5D7E1200FE7236 = {
			isa = PBXGroup;
			children = (
				ACF4D4AE1B5D7E1200FE7236 /* Shooter */,
				ACF4D4C81B5D7E1300FE7236 /* ShooterTests */,
				ACF4D4AD1B5D7E1200FE7236 /* Products */,
			);
			sourceTree = "<group>";
		};
		ACF4D4AD1B5D7E1200FE7236 /* Products */ = {
			isa = PBXGroup;
			children = (
				ACF4D4AC1B5D7E1200FE7236 /* Shooter.app */,
				ACF4D4C51B5D7E1300FE7236 /* ShooterTests.xctest */,
			);
			name = Products;
			sourceTree = "<group>";
		};
		ACF4D4AE1B5D7E1200FE7236 /* Shooter */ = {
			isa = PBXGroup;
			children = (
				ACF4D4B11B5D7E1200FE7236 /* AppDelegate.swift */,
				ACF4D4B31B5D7E1200FE7236 /* GameScene.sks */,
				ACF4D4B51B5D7E1200FE7236 /* GameScene.swift */,
				ACF4D4B71B5D7E1200FE7236 /* GameViewController.swift */,
				ACF4D4B91B5D7E1200FE7236 /* Main.storyboard */,
				ACF4D4BC1B5D7E1300FE7236 /* Images.xcassets */,
				ACF4D4BE1B5D7E1300FE7236 /* LaunchScreen.xib */,
				ACF4D4AF1B5D7E1200FE7236 /* Supporting Files */,
			);
			path = Shooter;
			sourceTree = "<group>";
		};
		ACF4D4AF1B5D7E1200FE7236 /* Supporting Files */ = {
			isa = PBXGroup;
			children = (
				ACF4D4B01B5D7E1200FE7236 /* Info.plist */,
			);
			name = "Supporting Files";
			sourceTree = "<group>";
		};
		ACF4D4C81B5D7E1300FE7236 /* ShooterTests */ = {
			isa = PBXGroup;
			children = (
				ACF4D4CB1B5D7E1300FE7236 /* ShooterTests.swift */,
				ACF4D4C91B5D7E1300FE7236 /* Supporting Files */,
			);
			path = ShooterTests;
			sourceTree = "<group>";
		};
		ACF4D4C91B5D7E1300FE7236 /* Supporting Files */ = {
			isa = PBXGroup;
			children = (
				ACF4D4CA1B5D7E1300FE7236 /* Info.plist */,
			);
			name = "Supporting Files";
			sourceTree = "<group>";
		};
/* End PBXGroup section */

/* Begin PBXNativeTarget section */
		ACF4D4AB1B5D7E1200FE7236 /* Shooter */ = {
			isa = PBXNativeTarget;
			buildConfigurationList = ACF4D4CF1B5D7E1300FE7236 /* Build configuration list for PBXNativeTarget "Shooter" */;
			buildPhases = (
				ACF4D4A81B5D7E1200FE7236 /* Sources */,
				ACF4D4A91B5D7E1200FE7236 /* Frameworks */,
				ACF4D4AA1B5D7E1200FE7236 /* Resources */,
			);
			buildRules = (
			);
			dependencies = (
			);
			name = Shooter;
			productName = Shooter;
			productReference = ACF4D4AC1B5D7E1200FE7236 /* Shooter.app */;
			productType = "com.apple.product-type.application";
		};
		ACF4D4C41B5D7E1300FE7236 /* ShooterTests */ = {
			isa = PBXNativeTarget;
			buildConfigurationList = ACF4D4D21B5D7E1300FE7236 /* Build configuration list for PBXNativeTarget "ShooterTests" */;
			buildPhases = (
				ACF4D4C11B5D7E1300FE7236 /* Sources */,
				ACF4D4C21B5D7E1300FE7236 /* Frameworks */,
				ACF4D4C31B5D7E1300FE7236 /* Resources */,
			);
			buildRules = (
			);
			dependencies = (
				ACF4D4C71B5D7E1300FE7236 /* PBXTargetDependency */,
			);
			name = ShooterTests;
			productName = ShooterTests;
			productReference = ACF4D4C51B5D7E1300FE7236 /* ShooterTests.xctest */;
			productType = "com.apple.product-type.bundle.unit-test";
		};
/* End PBXNativeTarget section */

/* Begin PBXProject section */
		ACF4D4A41B5D7E1200FE7236 /* Project object */ = {
			isa = PBXProject;
			attributes = {
				LastUpgradeCheck = 0640;
				ORGANIZATIONNAME = Archetapp;
				TargetAttributes = {
					ACF4D4AB1B5D7E1200FE7236 = {
						CreatedOnToolsVersion = 6.4;
					};
					ACF4D4C41B5D7E1300FE7236 = {
						CreatedOnToolsVersion = 6.4;
						TestTargetID = ACF4D4AB1B5D7E1200FE7236;
					};
				};
			};
			buildConfigurationList = ACF4D4A71B5D7E1200FE7236 /* Build configuration list for PBXProject "Shooter" */;
			compatibilityVersion = "Xcode 3.2";
			developmentRegion = English;
			hasScannedForEncodings = 0;
			knownRegions = (
				en,
				Base,
			);
			mainGroup = ACF4D4A31B5D7E1200FE7236;
			productRefGroup = ACF4D4AD1B5D7E1200FE7236 /* Products */;
			projectDirPath = "";
			projectRoot = "";
			targets = (
				ACF4D4AB1B5D7E1200FE7236 /* Shooter */,
				ACF4D4C41B5D7E1300FE7236 /* ShooterTests */,
			);
		};
/* End PBXProject section */

/* Begin PBXResourcesBuildPhase section */
		ACF4D4AA1B5D7E1200FE7236 /* Resources */ = {
			isa = PBXResourcesBuildPhase;
			buildActionMask = 2147483647;
			files = (
				ACF4D4C01B5D7E1300FE7236 /* LaunchScreen.xib in Resources */,
				ACF4D4BD1B5D7E1300FE7236 /* Images.xcassets in Resources */,
				ACF4D4B41B5D7E1200FE7236 /* GameScene.sks in Resources */,
				ACF4D4BB1B5D7E1200FE7236 /* Main.storyboard in Resources */,
			);
			runOnlyForDeploymentPostprocessing = 0;
		};
		ACF4D4C31B5D7E1300FE7236 /* Resources */ = {
			isa = PBXResourcesBuildPhase;
			buildActionMask = 2147483647;
			files = (
			);
			runOnlyForDeploymentPostprocessing = 0;
		};
/* End PBXResourcesBuildPhase section */

/* Begin PBXSourcesBuildPhase section */
		ACF4D4A81B5D7E1200FE7236 /* Sources */ = {
			isa = PBXSourcesBuildPhase;
			buildActionMask = 2147483647;
			files = (
				ACF4D4B61B5D7E1200FE7236 /* GameScene.swift in Sources */,
				ACF4D4B81B5D7E1200FE7236 /* GameViewController.swift in Sources */,
				ACF4D4B21B5D7E1200FE7236 /* AppDelegate.swift in Sources */,
			);
			runOnlyForDeploymentPostprocessing = 0;
		};
		ACF4D4C11B5D7E1300FE7236 /* Sources */ = {
			isa = PBXSourcesBuildPhase;
			buildActionMask = 2147483647;
			files = (
				ACF4D4CC1B5D7E1300FE7236 /* ShooterTests.swift in Sources */,
			);
			runOnlyForDeploymentPostprocessing = 0;
		};
/* End PBXSourcesBuildPhase section */

/* Begin PBXTargetDependency section */
		ACF4D4C71B5D7E1300FE7236 /* PBXTargetDependency */ = {
			isa = PBXTargetDependency;
			target = ACF4D4AB1B5D7E1200FE7236 /* Shooter */;
			targetProxy = ACF4D4C61B5D7E1300FE7236 /* PBXContainerItemProxy */;
		};
/* End PBXTargetDependency section */

/* Begin PBXVariantGroup section */
		ACF4D4B91B5D7E1200FE7236 /* Main.storyboard */ = {
			isa = PBXVariantGroup;
			children = (
				ACF4D4BA1B5D7E1200FE7236 /* Base */,
			);
			name = Main.storyboard;
			sourceTree = "<group>";
		};
		ACF4D4BE1B5D7E1300FE7236 /* LaunchScreen.xib */ = {
			isa = PBXVariantGroup;
			children = (
				ACF4D4BF1B5D7E1300FE7236 /* Base */,
			);
			name = LaunchScreen.xib;
			sourceTree = "<group>";
		};
/* End PBXVariantGroup section */

/* Begin XCBuildConfiguration section */
		ACF4D4CD1B5D7E1300FE7236 /* Debug */ = {
			isa = XCBuildConfiguration;
			buildSettings = {
				ALWAYS_SEARCH_USER_PATHS = NO;
				CLANG_CXX_LANGUAGE_STANDARD = "gnu++0x";
				CLANG_CXX_LIBRARY = "libc++";
				CLANG_ENABLE_MODULES = YES;
				CLANG_ENABLE_OBJC_ARC = YES;
				CLANG_WARN_BOOL_CONVERSION = YES;
				CLANG_WARN_CONSTANT_CONVERSION = YES;
				CLANG_WARN_DIRECT_OBJC_ISA_USAGE = YES_ERROR;
				CLANG_WARN_EMPTY_BODY = YES;
				CLANG_WARN_ENUM_CONVERSION = YES;
				CLANG_WARN_INT_CONVERSION = YES;
				CLANG_WARN_OBJC_ROOT_CLASS = YES_ERROR;
				CLANG_WARN_UNREACHABLE_CODE = YES;
				CLANG_WARN__DUPLICATE_METHOD_MATCH = YES;
				"CODE_SIGN_IDENTITY[sdk=iphoneos*]" = "iPhone Developer";
				COPY_PHASE_STRIP = NO;
				DEBUG_INFORMATION_FORMAT = "dwarf-with-dsym";
				ENABLE_STRICT_OBJC_MSGSEND = YES;
				GCC_C_LANGUAGE_STANDARD = gnu99;
				GCC_DYNAMIC_NO_PIC = NO;
				GCC_NO_COMMON_BLOCKS = YES;
				GCC_OPTIMIZATION_LEVEL = 0;
				GCC_PREPROCESSOR_DEFINITIONS = (
					"DEBUG=1",
					"$(inherited)",
				);
				GCC_SYMBOLS_PRIVATE_EXTERN = NO;
				GCC_WARN_64_TO_32_BIT_CONVERSION = YES;
				GCC_WARN_ABOUT_RETURN_TYPE = YES_ERROR;
				GCC_WARN_UNDECLARED_SELECTOR = YES;
				GCC_WARN_UNINITIALIZED_AUTOS = YES_AGGRESSIVE;
				GCC_WARN_UNUSED_FUNCTION = YES;
				GCC_WARN_UNUSED_VARIABLE = YES;
				IPHONEOS_DEPLOYMENT_TARGET = 8.4;
				MTL_ENABLE_DEBUG_INFO = YES;
				ONLY_ACTIVE_ARCH = YES;
				SDKROOT = iphoneos;
				SWIFT_OPTIMIZATION_LEVEL = "-Onone";
			};
			name = Debug;
		};
		ACF4D4CE1B5D7E1300FE7236 /* Release */ = {
			isa = XCBuildConfiguration;
			buildSettings = {
				ALWAYS_SEARCH_USER_PATHS = NO;
				CLANG_CXX_LANGUAGE_STANDARD = "gnu++0x";
				CLANG_CXX_LIBRARY = "libc++";
				CLANG_ENABLE_MODULES = YES;
				CLANG_ENABLE_OBJC_ARC = YES;
				CLANG_WARN_BOOL_CONVERSION = YES;
				CLANG_WARN_CONSTANT_CONVERSION = YES;
				CLANG_WARN_DIRECT_OBJC_ISA_USAGE = YES_ERROR;
				CLANG_WARN_EMPTY_BODY = YES;
				CLANG_WARN_ENUM_CONVERSION = YES;
				CLANG_WARN_INT_CONVERSION = YES;
				CLANG_WARN_OBJC_ROOT_CLASS = YES_ERROR;
				CLANG_WARN_UNREACHABLE_CODE = YES;
				CLANG_WARN__DUPLICATE_METHOD_MATCH = YES;
				"CODE_SIGN_IDENTITY[sdk=iphoneos*]" = "iPhone Developer";
				COPY_PHASE_STRIP = NO;
				DEBUG_INFORMATION_FORMAT = "dwarf-with-dsym";
				ENABLE_NS_ASSERTIONS = NO;
				ENABLE_STRICT_OBJC_MSGSEND = YES;
				GCC_C_LANGUAGE_STANDARD = gnu99;
				GCC_NO_COMMON_BLOCKS = YES;
				GCC_WARN_64_TO_32_BIT_CONVERSION = YES;
				GCC_WARN_ABOUT_RETURN_TYPE = YES_ERROR;
				GCC_WARN_UNDECLARED_SELECTOR = YES;
				GCC_WARN_UNINITIALIZED_AUTOS = YES_AGGRESSIVE;
				GCC_WARN_UNUSED_FUNCTION = YES;
				GCC_WARN_UNUSED_VARIABLE = YES;
				IPHONEOS_DEPLOYMENT_TARGET = 8.4;
				MTL_ENABLE_DEBUG_INFO = NO;
				SDKROOT = iphoneos;
				VALIDATE_PRODUCT = YES;
			};
			name = Release;
		};
		ACF4D4D01B5D7E1300FE7236 /* Debug */ = {
			isa = XCBuildConfiguration;
			buildSettings = {
				ASSETCATALOG_COMPILER_APPICON_NAME = AppIcon;
				INFOPLIST_FILE = Shooter/Info.plist;
				LD_RUNPATH_SEARCH_PATHS = "$(inherited) @executable_path/Frameworks";
				PRODUCT_NAME = "$(TARGET_NAME)";
			};
			name = Debug;
		};
		ACF4D4D11B5D7E1300FE7236 /* Release */ = {
			isa = XCBuildConfiguration;
			buildSettings = {
				ASSETCATALOG_COMPILER_APPICON_NAME = AppIcon;
				INFOPLIST_FILE = Shooter/Info.plist;
				LD_RUNPATH_SEARCH_PATHS = "$(inherited) @executable_path/Frameworks";
				PRODUCT_NAME = "$(TARGET_NAME)";
			};
			name = Release;
		};
		ACF4D4D31B5D7E1300FE7236 /* Debug */ = {
			isa = XCBuildConfiguration;
			buildSettings = {
				BUNDLE_LOADER = "$(TEST_HOST)";
				FRAMEWORK_SEARCH_PATHS = (
					"$(SDKROOT)/Developer/Library/Frameworks",
					"$(inherited)",
				);
				GCC_PREPROCESSOR_DEFINITIONS = (
					"DEBUG=1",
					"$(inherited)",
				);
				INFOPLIST_FILE = ShooterTests/Info.plist;
				LD_RUNPATH_SEARCH_PATHS = "$(inherited) @executable_path/Frameworks @loader_path/Frameworks";
				PRODUCT_NAME = "$(TARGET_NAME)";
				TEST_HOST = "$(BUILT_PRODUCTS_DIR)/Shooter.app/Shooter";
			};
			name = Debug;
		};
		ACF4D4D41B5D7E1300FE7236 /* Release */ = {
			isa = XCBuildConfiguration;
			buildSettings = {
				BUNDLE_LOADER = "$(TEST_HOST)";
				FRAMEWORK_SEARCH_PATHS = (
					"$(SDKROOT)/Developer/Library/Frameworks",
					"$(inherited)",
				);
				INFOPLIST_FILE = ShooterTests/Info.plist;
				LD_RUNPATH_SEARCH_PATHS = "$(inherited) @executable_path/Frameworks @loader_path/Frameworks";
				PRODUCT_NAME = "$(TARGET_NAME)";
				TEST_HOST = "$(BUILT_PRODUCTS_DIR)/Shooter.app/Shooter";
			};
			name = Release;
		};
/* End XCBuildConfiguration section */

/* Begin XCConfigurationList section */
		ACF4D4A71B5D7E1200FE7236 /* Build configuration list for PBXProject "Shooter" */ = {
			isa = XCConfigurationList;
			buildConfigurations = (
				ACF4D4CD1B5D7E1300FE7236 /* Debug */,
				ACF4D4CE1B5D7E1300FE7236 /* Release */,
			);
			defaultConfigurationIsVisible = 0;
			defaultConfigurationName = Release;
		};
		ACF4D4CF1B5D7E1300FE7236 /* Build configuration list for PBXNativeTarget "Shooter" */ = {
			isa = XCConfigurationList;
			buildConfigurations = (
				ACF4D4D01B5D7E1300FE7236 /* Debug */,
				ACF4D4D11B5D7E1300FE7236 /* Release */,
			);
			defaultConfigurationIsVisible = 0;
			defaultConfigurationName = Release;
		};
		ACF4D4D21B5D7E1300FE7236 /* Build configuration list for PBXNativeTarget "ShooterTests" */ = {
			isa = XCConfigurationList;
			buildConfigurations = (
				ACF4D4D31B5D7E1300FE7236 /* Debug */,
				ACF4D4D41B5D7E1300FE7236 /* Release */,
			);
			defaultConfigurationIsVisible = 0;
			defaultConfigurationName = Release;
		};
/* End XCConfigurationList section */
	};
	rootObject = ACF4D4A41B5D7E1200FE7236 /* Project object */;
}
